
Microsoft Visual Studio Solution File, Format Version 12.00
# Visual Studio Version 16
VisualStudioVersion = 16.0.32630.194
MinimumVisualStudioVersion = 10.0.40219.1
Project("{FAE04EC0-301F-11D3-BF4B-00C04F79EFBC}") = "BTVN1", "BTVN1\BTVN1.csproj", "{9C2546B4-F821-4F32-9682-9C1F862AC9EC}"
EndProject
Global
	GlobalSection(SolutionConfigurationPlatforms) = preSolution
		Debug|Any CPU = Debug|Any CPU
		Release|Any CPU = Release|Any CPU
	EndGlobalSection
	GlobalSection(ProjectConfigurationPlatforms) = postSolution
		{9C2546B4-F821-4F32-9682-9C1F862AC9EC}.Debug|Any CPU.ActiveCfg = Debug|Any CPU
		{9C2546B4-F821-4F32-9682-9C1F862AC9EC}.Debug|Any CPU.Build.0 = Debug|Any CPU
		{9C2546B4-F821-4F32-9682-9C1F862AC9EC}.Release|Any CPU.ActiveCfg = Release|Any CPU
		{9C2546B4-F821-4F32-9682-9C1F862AC9EC}.Release|Any CPU.Build.0 = Release|Any CPU
	EndGlobalSection
	GlobalSection(SolutionProperties) = preSolution
		HideSolutionNode = FALSE
	EndGlobalSection
	GlobalSection(ExtensibilityGlobals) = postSolution
		SolutionGuid = {05FEC550-3A99-4156-AAB4-30A7B39E834B}
	EndGlobalSection
EndGlobal
